schema: '2.0'
stages:
  train:
    cmd: python3 train.py
    deps:
    - path: data
      hash: md5
      md5: 01fb173ddf0c747007bcc5ce7da33bff.dir
      size: 91999
      nfiles: 1
    - path: train.py
      hash: md5
      md5: 8d3d70e68102896c465edcd701680a04
      size: 3585
    outs:
    - path: metrics.csv
      hash: md5
      md5: c5d8470b31b7a99504c20053e7b62760
      size: 53
    - path: models/model.joblib
      hash: md5
      md5: 89b8cba77eaa9dcea88d12d007f14ccf
      size: 3638737
