schema: '2.0'
stages:
  train:
    cmd: python3 train.py
    deps:
    - path: data
      hash: md5
      md5: 83b1a947aeb946a62150ce51f2c61ceb.dir
      size: 92000
      nfiles: 1
    - path: train.py
      hash: md5
      md5: 8d3d70e68102896c465edcd701680a04
      size: 3585
    outs:
    - path: metrics.csv
      hash: md5
      md5: adb1093b9969a35bc6cd287d605366f2
      size: 53
    - path: models/model.joblib
      hash: md5
      md5: c968a8ba4935ff5b5213048083aceb73
      size: 3640177
