schema: '2.0'
stages:
  train:
    cmd: python3 train.py
    deps:
    - path: data
      hash: md5
      md5: 2d6bfdf4c7d91aa3d7bec2da1fc5791c.dir
      size: 91999
      nfiles: 1
    - path: train.py
      hash: md5
      md5: 8d3d70e68102896c465edcd701680a04
      size: 3585
    outs:
    - path: metrics.csv
      hash: md5
      md5: e5e50d173e6c57345c4185b48fc3a0e5
      size: 53
    - path: models/model.joblib
      hash: md5
      md5: 0d1ce0b11d846692797571c65be2f444
      size: 3637297
